dependencies:
  cmake_utilities:
    dependencies: []
    source:
      path: 
        /Users/florinbaciu/Desktop/LILYGO-T-QT-PRO-S3-ESP-IDF/components/cmake_utilities
      type: local
    version: 1.1.1
  console_simple_init:
    dependencies: []
    source:
      path: 
        /Users/florinbaciu/Desktop/LILYGO-T-QT-PRO-S3-ESP-IDF/cmd/console_simple_init
      type: local
    version: 1.1.0
  esp_cli_commands:
    dependencies: []
    source:
      path: 
        /Users/florinbaciu/Desktop/LILYGO-T-QT-PRO-S3-ESP-IDF/components/esp_cli_commands
      type: local
    version: 0.1.0
  esp_daylight:
    dependencies: []
    source:
      path: 
        /Users/florinbaciu/Desktop/LILYGO-T-QT-PRO-S3-ESP-IDF/components/esp_daylight
      type: local
    version: 1.0.1
  esp_lcd_touch:
    dependencies: []
    source:
      path: 
        /Users/florinbaciu/Desktop/LILYGO-T-QT-PRO-S3-ESP-IDF/components/esp_lcd_touch
      type: local
    version: 1.1.2
  esp_linenoise:
    dependencies: []
    source:
      path: 
        /Users/florinbaciu/Desktop/LILYGO-T-QT-PRO-S3-ESP-IDF/components/esp_linenoise
      type: local
    version: 1.0.3
  esp_mmap_assets:
    dependencies: []
    source:
      path: 
        /Users/florinbaciu/Desktop/LILYGO-T-QT-PRO-S3-ESP-IDF/components/esp_mmap_assets
      type: local
    version: 1.4.0
  esp_new_jpeg:
    dependencies: []
    source:
      path: 
        /Users/florinbaciu/Desktop/LILYGO-T-QT-PRO-S3-ESP-IDF/components/esp_new_jpeg
      type: local
    version: 1.0.0
  espressif/zlib:
    component_hash: 
      d901723af51f13fc8e5824f39f32239c847956e8fd951a05266588dc5cfbb9ae
    dependencies:
    - name: idf
      require: private
      version: '>=4.4'
    source:
      registry_url: https://components.espressif.com/
      type: service
    version: 1.3.1
  freetype:
    dependencies: []
    source:
      path: 
        /Users/florinbaciu/Desktop/LILYGO-T-QT-PRO-S3-ESP-IDF/components/freetype
      type: local
    version: 2.13.3~1
  idf:
    source:
      type: idf
    version: 5.5.1
  libpng:
    dependencies: []
    source:
      path: 
        /Users/florinbaciu/Desktop/LILYGO-T-QT-PRO-S3-ESP-IDF/components/libpng
      type: local
    version: 1.6.51
  lvgl/lvgl:
    component_hash: 
      17e68bfd21f0edf4c3ee838e2273da840bf3930e5dbc3bfa6c1190c3aed41f9f
    dependencies: []
    source:
      registry_url: https://components.espressif.com/
      type: service
    version: 9.4.0
  tinyusb:
    dependencies: []
    source:
      path: 
        /Users/florinbaciu/Desktop/LILYGO-T-QT-PRO-S3-ESP-IDF/components/tinyusb
      type: local
    version: 0.18.0~2
  zlib:
    dependencies: []
    source:
      path: 
        /Users/florinbaciu/Desktop/LILYGO-T-QT-PRO-S3-ESP-IDF/components/zlib
      type: local
    version: 1.3.1
direct_dependencies:
- espressif/cmake_utilities
- espressif/console_simple_init
- espressif/esp_cli_commands
- espressif/esp_daylight
- espressif/esp_lcd_touch
- espressif/esp_linenoise
- espressif/esp_mmap_assets
- espressif/esp_new_jpeg
- espressif/freetype
- espressif/libpng
- espressif/tinyusb
- espressif/zlib
- idf
- lvgl/lvgl
manifest_hash: 04c6d4182f71d8ea15dea74f1ea3bbf946513402ecba3c3a5743f3ccefa00a40
target: esp32s3
version: 2.0.0
